
Microsoft Visual Studio Solution File, Format Version 12.00
# Visual Studio Version 16
VisualStudioVersion = 16.0.31205.134
MinimumVisualStudioVersion = 10.0.40219.1
Project("{FAE04EC0-301F-11D3-BF4B-00C04F79EFBC}") = "HonorsProject", "HonorsProject\HonorsProject.csproj", "{49F64BA3-FABB-4F80-9188-B080F8214EC5}"
EndProject
Project("{FAE04EC0-301F-11D3-BF4B-00C04F79EFBC}") = "XMLStockAPI", "XMLStockAPI\XMLStockAPI.csproj", "{ADEE7A69-5B7B-407E-9130-6F909077E059}"
EndProject
Project("{FAE04EC0-301F-11D3-BF4B-00C04F79EFBC}") = "JSONStockAPI", "JSONStockAPI\JSONStockAPI.csproj", "{24544878-CC4A-4754-8A9D-56FAFE8456B5}"
EndProject
Global
	GlobalSection(SolutionConfigurationPlatforms) = preSolution
		Debug|Any CPU = Debug|Any CPU
		Release|Any CPU = Release|Any CPU
	EndGlobalSection
	GlobalSection(ProjectConfigurationPlatforms) = postSolution
		{49F64BA3-FABB-4F80-9188-B080F8214EC5}.Debug|Any CPU.ActiveCfg = Debug|Any CPU
		{49F64BA3-FABB-4F80-9188-B080F8214EC5}.Debug|Any CPU.Build.0 = Debug|Any CPU
		{49F64BA3-FABB-4F80-9188-B080F8214EC5}.Release|Any CPU.ActiveCfg = Release|Any CPU
		{49F64BA3-FABB-4F80-9188-B080F8214EC5}.Release|Any CPU.Build.0 = Release|Any CPU
		{ADEE7A69-5B7B-407E-9130-6F909077E059}.Debug|Any CPU.ActiveCfg = Debug|Any CPU
		{ADEE7A69-5B7B-407E-9130-6F909077E059}.Debug|Any CPU.Build.0 = Debug|Any CPU
		{ADEE7A69-5B7B-407E-9130-6F909077E059}.Release|Any CPU.ActiveCfg = Release|Any CPU
		{ADEE7A69-5B7B-407E-9130-6F909077E059}.Release|Any CPU.Build.0 = Release|Any CPU
		{24544878-CC4A-4754-8A9D-56FAFE8456B5}.Debug|Any CPU.ActiveCfg = Debug|Any CPU
		{24544878-CC4A-4754-8A9D-56FAFE8456B5}.Debug|Any CPU.Build.0 = Debug|Any CPU
		{24544878-CC4A-4754-8A9D-56FAFE8456B5}.Release|Any CPU.ActiveCfg = Release|Any CPU
		{24544878-CC4A-4754-8A9D-56FAFE8456B5}.Release|Any CPU.Build.0 = Release|Any CPU
	EndGlobalSection
	GlobalSection(SolutionProperties) = preSolution
		HideSolutionNode = FALSE
	EndGlobalSection
	GlobalSection(ExtensibilityGlobals) = postSolution
		SolutionGuid = {1BB09085-597B-4302-9BA4-AC01BC665519}
	EndGlobalSection
EndGlobal
